
Microsoft Visual Studio Solution File, Format Version 12.00
# Visual Studio Version 17
VisualStudioVersion = 17.7.34031.279
MinimumVisualStudioVersion = 10.0.40219.1
Project("{9A19103F-16F7-4668-BE54-9A1E7A4F7556}") = "Merge", "Merge\Merge.csproj", "{EBF2357C-28ED-403B-BA42-B38CB837FD04}"
EndProject
Global
	GlobalSection(SolutionConfigurationPlatforms) = preSolution
		Debug|ARM64 = Debug|ARM64
		Debug|x64 = Debug|x64
		Debug|x86 = Debug|x86
		Release|ARM64 = Release|ARM64
		Release|x64 = Release|x64
		Release|x86 = Release|x86
		Test|ARM64 = Test|ARM64
		Test|x64 = Test|x64
		Test|x86 = Test|x86
	EndGlobalSection
	GlobalSection(ProjectConfigurationPlatforms) = postSolution
		{EBF2357C-28ED-403B-BA42-B38CB837FD04}.Debug|ARM64.ActiveCfg = Debug|ARM64
		{EBF2357C-28ED-403B-BA42-B38CB837FD04}.Debug|ARM64.Build.0 = Debug|ARM64
		{EBF2357C-28ED-403B-BA42-B38CB837FD04}.Debug|ARM64.Deploy.0 = Debug|ARM64
		{EBF2357C-28ED-403B-BA42-B38CB837FD04}.Debug|x64.ActiveCfg = Debug|x64
		{EBF2357C-28ED-403B-BA42-B38CB837FD04}.Debug|x64.Build.0 = Debug|x64
		{EBF2357C-28ED-403B-BA42-B38CB837FD04}.Debug|x64.Deploy.0 = Debug|x64
		{EBF2357C-28ED-403B-BA42-B38CB837FD04}.Debug|x86.ActiveCfg = Debug|x86
		{EBF2357C-28ED-403B-BA42-B38CB837FD04}.Debug|x86.Build.0 = Debug|x86
		{EBF2357C-28ED-403B-BA42-B38CB837FD04}.Debug|x86.Deploy.0 = Debug|x86
		{EBF2357C-28ED-403B-BA42-B38CB837FD04}.Release|ARM64.ActiveCfg = Release|ARM64
		{EBF2357C-28ED-403B-BA42-B38CB837FD04}.Release|ARM64.Build.0 = Release|ARM64
		{EBF2357C-28ED-403B-BA42-B38CB837FD04}.Release|ARM64.Deploy.0 = Release|ARM64
		{EBF2357C-28ED-403B-BA42-B38CB837FD04}.Release|x64.ActiveCfg = Release|x64
		{EBF2357C-28ED-403B-BA42-B38CB837FD04}.Release|x64.Build.0 = Release|x64
		{EBF2357C-28ED-403B-BA42-B38CB837FD04}.Release|x64.Deploy.0 = Release|x64
		{EBF2357C-28ED-403B-BA42-B38CB837FD04}.Release|x86.ActiveCfg = Release|x86
		{EBF2357C-28ED-403B-BA42-B38CB837FD04}.Release|x86.Build.0 = Release|x86
		{EBF2357C-28ED-403B-BA42-B38CB837FD04}.Release|x86.Deploy.0 = Release|x86
		{EBF2357C-28ED-403B-BA42-B38CB837FD04}.Test|ARM64.ActiveCfg = Test|ARM64
		{EBF2357C-28ED-403B-BA42-B38CB837FD04}.Test|ARM64.Build.0 = Test|ARM64
		{EBF2357C-28ED-403B-BA42-B38CB837FD04}.Test|ARM64.Deploy.0 = Test|ARM64
		{EBF2357C-28ED-403B-BA42-B38CB837FD04}.Test|x64.ActiveCfg = Test|x64
		{EBF2357C-28ED-403B-BA42-B38CB837FD04}.Test|x64.Build.0 = Test|x64
		{EBF2357C-28ED-403B-BA42-B38CB837FD04}.Test|x64.Deploy.0 = Test|x64
		{EBF2357C-28ED-403B-BA42-B38CB837FD04}.Test|x86.ActiveCfg = Test|x86
		{EBF2357C-28ED-403B-BA42-B38CB837FD04}.Test|x86.Build.0 = Test|x86
		{EBF2357C-28ED-403B-BA42-B38CB837FD04}.Test|x86.Deploy.0 = Test|x86
	EndGlobalSection
	GlobalSection(SolutionProperties) = preSolution
		HideSolutionNode = FALSE
	EndGlobalSection
	GlobalSection(ExtensibilityGlobals) = postSolution
		SolutionGuid = {F7054E9B-29A3-4061-8CB0-206FB047E2E8}
	EndGlobalSection
EndGlobal
